
Microsoft Visual Studio Solution File, Format Version 12.00
# Visual Studio Version 16
VisualStudioVersion = 16.0.29306.81
MinimumVisualStudioVersion = 10.0.40219.1
Project("{FAE04EC0-301F-11D3-BF4B-00C04F79EFBC}") = "gittest", "gittest.csproj", "{DCF8ED53-6520-4C80-9F25-D4A7792F03C1}"
EndProject
Global
	GlobalSection(SolutionConfigurationPlatforms) = preSolution
		Debug|Any CPU = Debug|Any CPU
		Release|Any CPU = Release|Any CPU
	EndGlobalSection
	GlobalSection(ProjectConfigurationPlatforms) = postSolution
		{DCF8ED53-6520-4C80-9F25-D4A7792F03C1}.Debug|Any CPU.ActiveCfg = Debug|Any CPU
		{DCF8ED53-6520-4C80-9F25-D4A7792F03C1}.Debug|Any CPU.Build.0 = Debug|Any CPU
		{DCF8ED53-6520-4C80-9F25-D4A7792F03C1}.Release|Any CPU.ActiveCfg = Release|Any CPU
		{DCF8ED53-6520-4C80-9F25-D4A7792F03C1}.Release|Any CPU.Build.0 = Release|Any CPU
	EndGlobalSection
	GlobalSection(SolutionProperties) = preSolution
		HideSolutionNode = FALSE
	EndGlobalSection
	GlobalSection(ExtensibilityGlobals) = postSolution
		SolutionGuid = {BB9E0662-6441-41CD-BFBE-5CEBA802D05C}
	EndGlobalSection
EndGlobal
